# THIS IS AN AUTOGENERATED FILE. DO NOT EDIT THIS FILE DIRECTLY.
# yarn lockfile v1


"@sourcegraph/prettierrc@3.0.2":
  version "3.0.2"
  resolved "https://registry.yarnpkg.com/@sourcegraph/prettierrc/-/prettierrc-3.0.2.tgz#a8fb80ed5712a59cd60eb62f0969090ebc386a80"
  integrity sha512-HCEKIIgOLap22yvnMcr+v6X/1LK6LuVd5MhGLxjYsb7irI2KNEQpalR5SKjsfYPawzVcgCPu1QsD0Oy4iGdPuA==

prettier@2.4.1:
  version "2.4.1"
  resolved "https://registry.yarnpkg.com/prettier/-/prettier-2.4.1.tgz#671e11c89c14a4cfc876ce564106c4a6726c9f5c"
  integrity sha512-9fbDAXSBcc6Bs1mZrDYb3XKzDLm4EXXL9sC1LqKP5rZkT6KRr/rf9amVUcODVXgguK/isJz0d0hP72WeaKWsvA==
